
Microsoft Visual Studio Solution File, Format Version 12.00
# Visual Studio 15
VisualStudioVersion = 15.0.28307.1082
MinimumVisualStudioVersion = 10.0.40219.1
Project("{FAE04EC0-301F-11D3-BF4B-00C04F79EFBC}") = "KTaNE", "KTaNE\KTaNE.csproj", "{53DC9120-F340-4209-A142-E6038C93016E}"
EndProject
Global
	GlobalSection(SolutionConfigurationPlatforms) = preSolution
		Debug|Any CPU = Debug|Any CPU
		Release|Any CPU = Release|Any CPU
	EndGlobalSection
	GlobalSection(ProjectConfigurationPlatforms) = postSolution
		{53DC9120-F340-4209-A142-E6038C93016E}.Debug|Any CPU.ActiveCfg = Debug|Any CPU
		{53DC9120-F340-4209-A142-E6038C93016E}.Debug|Any CPU.Build.0 = Debug|Any CPU
		{53DC9120-F340-4209-A142-E6038C93016E}.Release|Any CPU.ActiveCfg = Release|Any CPU
		{53DC9120-F340-4209-A142-E6038C93016E}.Release|Any CPU.Build.0 = Release|Any CPU
	EndGlobalSection
	GlobalSection(SolutionProperties) = preSolution
		HideSolutionNode = FALSE
	EndGlobalSection
	GlobalSection(ExtensibilityGlobals) = postSolution
		SolutionGuid = {D9187E1E-DAB0-4652-8078-29A06E805416}
	EndGlobalSection
EndGlobal
